// !$*UTF8*$!
{
	archiveVersion = 1;
	classes = {
	};
	objectVersion = 55;
	objects = {

/* Begin PBXBuildFile section */
		2A78B23B289A3F7200906561 /* BookExchangeDetail.swift in Sources */ = {isa = PBXBuildFile; fileRef = 2A78B23A289A3F7200906561 /* BookExchangeDetail.swift */; };
		2A78B23D289A41E600906561 /* FavoriteButton.swift in Sources */ = {isa = PBXBuildFile; fileRef = 2A78B23C289A41E600906561 /* FavoriteButton.swift */; };
		2A78B23F289A718100906561 /* CategoryItem.swift in Sources */ = {isa = PBXBuildFile; fileRef = 2A78B23E289A718100906561 /* CategoryItem.swift */; };
		2A78B241289A72B200906561 /* CategoryRow.swift in Sources */ = {isa = PBXBuildFile; fileRef = 2A78B240289A72B200906561 /* CategoryRow.swift */; };
		2A78B243289A750500906561 /* CategoryHome.swift in Sources */ = {isa = PBXBuildFile; fileRef = 2A78B242289A750500906561 /* CategoryHome.swift */; };
		2A78B245289A758100906561 /* ProfileHost.swift in Sources */ = {isa = PBXBuildFile; fileRef = 2A78B244289A758100906561 /* ProfileHost.swift */; };
		2A78B247289A75CC00906561 /* ProfileSummary.swift in Sources */ = {isa = PBXBuildFile; fileRef = 2A78B246289A75CC00906561 /* ProfileSummary.swift */; };
		2A78B249289A76C200906561 /* Profile.swift in Sources */ = {isa = PBXBuildFile; fileRef = 2A78B248289A76C200906561 /* Profile.swift */; };
		2A78B24B289A770100906561 /* ProfileEditor.swift in Sources */ = {isa = PBXBuildFile; fileRef = 2A78B24A289A770100906561 /* ProfileEditor.swift */; };
		2ADCE75E2891E7E600E9B834 /* CS4540_ProjectApp.swift in Sources */ = {isa = PBXBuildFile; fileRef = 2ADCE75D2891E7E600E9B834 /* CS4540_ProjectApp.swift */; };
		2ADCE7602891E7E600E9B834 /* ContentView.swift in Sources */ = {isa = PBXBuildFile; fileRef = 2ADCE75F2891E7E600E9B834 /* ContentView.swift */; };
		2ADCE7622891E7E800E9B834 /* Assets.xcassets in Resources */ = {isa = PBXBuildFile; fileRef = 2ADCE7612891E7E800E9B834 /* Assets.xcassets */; };
		2ADCE7652891E7E800E9B834 /* Preview Assets.xcassets in Resources */ = {isa = PBXBuildFile; fileRef = 2ADCE7642891E7E800E9B834 /* Preview Assets.xcassets */; };
		2ADCE7702891EAA700E9B834 /* BookExchangeListItem.swift in Sources */ = {isa = PBXBuildFile; fileRef = 2ADCE76B2891EAA700E9B834 /* BookExchangeListItem.swift */; };
		2ADCE7712891EAA700E9B834 /* BookExchangeData.json in Resources */ = {isa = PBXBuildFile; fileRef = 2ADCE76C2891EAA700E9B834 /* BookExchangeData.json */; };
		2ADCE7722891EAA700E9B834 /* BookExchangeRow.swift in Sources */ = {isa = PBXBuildFile; fileRef = 2ADCE76D2891EAA700E9B834 /* BookExchangeRow.swift */; };
		2ADCE7742891EAA700E9B834 /* BookExchangeList.swift in Sources */ = {isa = PBXBuildFile; fileRef = 2ADCE76F2891EAA700E9B834 /* BookExchangeList.swift */; };
		2ADCE7762891EC1600E9B834 /* ModelData.swift in Sources */ = {isa = PBXBuildFile; fileRef = 2ADCE7752891EC1600E9B834 /* ModelData.swift */; };
		2ADCE7782891F12B00E9B834 /* CircleImage.swift in Sources */ = {isa = PBXBuildFile; fileRef = 2ADCE7772891F12B00E9B834 /* CircleImage.swift */; };
/* End PBXBuildFile section */

/* Begin PBXFileReference section */
		2A78B23A289A3F7200906561 /* BookExchangeDetail.swift */ = {isa = PBXFileReference; lastKnownFileType = sourcecode.swift; path = BookExchangeDetail.swift; sourceTree = "<group>"; };
		2A78B23C289A41E600906561 /* FavoriteButton.swift */ = {isa = PBXFileReference; lastKnownFileType = sourcecode.swift; path = FavoriteButton.swift; sourceTree = "<group>"; };
		2A78B23E289A718100906561 /* CategoryItem.swift */ = {isa = PBXFileReference; lastKnownFileType = sourcecode.swift; path = CategoryItem.swift; sourceTree = "<group>"; };
		2A78B240289A72B200906561 /* CategoryRow.swift */ = {isa = PBXFileReference; lastKnownFileType = sourcecode.swift; path = CategoryRow.swift; sourceTree = "<group>"; };
		2A78B242289A750500906561 /* CategoryHome.swift */ = {isa = PBXFileReference; lastKnownFileType = sourcecode.swift; path = CategoryHome.swift; sourceTree = "<group>"; };
		2A78B244289A758100906561 /* ProfileHost.swift */ = {isa = PBXFileReference; lastKnownFileType = sourcecode.swift; path = ProfileHost.swift; sourceTree = "<group>"; };
		2A78B246289A75CC00906561 /* ProfileSummary.swift */ = {isa = PBXFileReference; lastKnownFileType = sourcecode.swift; path = ProfileSummary.swift; sourceTree = "<group>"; };
		2A78B248289A76C200906561 /* Profile.swift */ = {isa = PBXFileReference; lastKnownFileType = sourcecode.swift; path = Profile.swift; sourceTree = "<group>"; };
		2A78B24A289A770100906561 /* ProfileEditor.swift */ = {isa = PBXFileReference; lastKnownFileType = sourcecode.swift; path = ProfileEditor.swift; sourceTree = "<group>"; };
		2ADCE75A2891E7E600E9B834 /* CS4540_Project.app */ = {isa = PBXFileReference; explicitFileType = wrapper.application; includeInIndex = 0; path = CS4540_Project.app; sourceTree = BUILT_PRODUCTS_DIR; };
		2ADCE75D2891E7E600E9B834 /* CS4540_ProjectApp.swift */ = {isa = PBXFileReference; lastKnownFileType = sourcecode.swift; path = CS4540_ProjectApp.swift; sourceTree = "<group>"; };
		2ADCE75F2891E7E600E9B834 /* ContentView.swift */ = {isa = PBXFileReference; lastKnownFileType = sourcecode.swift; path = ContentView.swift; sourceTree = "<group>"; };
		2ADCE7612891E7E800E9B834 /* Assets.xcassets */ = {isa = PBXFileReference; lastKnownFileType = folder.assetcatalog; path = Assets.xcassets; sourceTree = "<group>"; };
		2ADCE7642891E7E800E9B834 /* Preview Assets.xcassets */ = {isa = PBXFileReference; lastKnownFileType = folder.assetcatalog; path = "Preview Assets.xcassets"; sourceTree = "<group>"; };
		2ADCE76B2891EAA700E9B834 /* BookExchangeListItem.swift */ = {isa = PBXFileReference; fileEncoding = 4; lastKnownFileType = sourcecode.swift; path = BookExchangeListItem.swift; sourceTree = "<group>"; };
		2ADCE76C2891EAA700E9B834 /* BookExchangeData.json */ = {isa = PBXFileReference; fileEncoding = 4; lastKnownFileType = text.json; path = BookExchangeData.json; sourceTree = "<group>"; };
		2ADCE76D2891EAA700E9B834 /* BookExchangeRow.swift */ = {isa = PBXFileReference; fileEncoding = 4; lastKnownFileType = sourcecode.swift; path = BookExchangeRow.swift; sourceTree = "<group>"; };
		2ADCE76F2891EAA700E9B834 /* BookExchangeList.swift */ = {isa = PBXFileReference; fileEncoding = 4; lastKnownFileType = sourcecode.swift; path = BookExchangeList.swift; sourceTree = "<group>"; };
		2ADCE7752891EC1600E9B834 /* ModelData.swift */ = {isa = PBXFileReference; lastKnownFileType = sourcecode.swift; path = ModelData.swift; sourceTree = "<group>"; };
		2ADCE7772891F12B00E9B834 /* CircleImage.swift */ = {isa = PBXFileReference; lastKnownFileType = sourcecode.swift; path = CircleImage.swift; sourceTree = "<group>"; };
/* End PBXFileReference section */

/* Begin PBXFrameworksBuildPhase section */
		2ADCE7572891E7E600E9B834 /* Frameworks */ = {
			isa = PBXFrameworksBuildPhase;
			buildActionMask = 2147483647;
			files = (
			);
			runOnlyForDeploymentPostprocessing = 0;
		};
/* End PBXFrameworksBuildPhase section */

/* Begin PBXGroup section */
		2ADCE7512891E7E600E9B834 = {
			isa = PBXGroup;
			children = (
				2ADCE75C2891E7E600E9B834 /* CS4540_Project */,
				2ADCE75B2891E7E600E9B834 /* Products */,
			);
			sourceTree = "<group>";
		};
		2ADCE75B2891E7E600E9B834 /* Products */ = {
			isa = PBXGroup;
			children = (
				2ADCE75A2891E7E600E9B834 /* CS4540_Project.app */,
			);
			name = Products;
			sourceTree = "<group>";
		};
		2ADCE75C2891E7E600E9B834 /* CS4540_Project */ = {
			isa = PBXGroup;
			children = (
				2ADCE76C2891EAA700E9B834 /* BookExchangeData.json */,
				2ADCE76F2891EAA700E9B834 /* BookExchangeList.swift */,
				2ADCE76B2891EAA700E9B834 /* BookExchangeListItem.swift */,
				2ADCE76D2891EAA700E9B834 /* BookExchangeRow.swift */,
				2ADCE75D2891E7E600E9B834 /* CS4540_ProjectApp.swift */,
				2ADCE75F2891E7E600E9B834 /* ContentView.swift */,
				2ADCE7612891E7E800E9B834 /* Assets.xcassets */,
				2ADCE7632891E7E800E9B834 /* Preview Content */,
				2ADCE7752891EC1600E9B834 /* ModelData.swift */,
				2ADCE7772891F12B00E9B834 /* CircleImage.swift */,
				2A78B23A289A3F7200906561 /* BookExchangeDetail.swift */,
				2A78B23C289A41E600906561 /* FavoriteButton.swift */,
				2A78B23E289A718100906561 /* CategoryItem.swift */,
				2A78B240289A72B200906561 /* CategoryRow.swift */,
				2A78B242289A750500906561 /* CategoryHome.swift */,
				2A78B244289A758100906561 /* ProfileHost.swift */,
				2A78B246289A75CC00906561 /* ProfileSummary.swift */,
				2A78B248289A76C200906561 /* Profile.swift */,
				2A78B24A289A770100906561 /* ProfileEditor.swift */,
			);
			path = CS4540_Project;
			sourceTree = "<group>";
		};
		2ADCE7632891E7E800E9B834 /* Preview Content */ = {
			isa = PBXGroup;
			children = (
				2ADCE7642891E7E800E9B834 /* Preview Assets.xcassets */,
			);
			path = "Preview Content";
			sourceTree = "<group>";
		};
/* End PBXGroup section */

/* Begin PBXNativeTarget section */
		2ADCE7592891E7E600E9B834 /* CS4540_Project */ = {
			isa = PBXNativeTarget;
			buildConfigurationList = 2ADCE7682891E7E800E9B834 /* Build configuration list for PBXNativeTarget "CS4540_Project" */;
			buildPhases = (
				2ADCE7562891E7E600E9B834 /* Sources */,
				2ADCE7572891E7E600E9B834 /* Frameworks */,
				2ADCE7582891E7E600E9B834 /* Resources */,
			);
			buildRules = (
			);
			dependencies = (
			);
			name = CS4540_Project;
			productName = CS4540_Project;
			productReference = 2ADCE75A2891E7E600E9B834 /* CS4540_Project.app */;
			productType = "com.apple.product-type.application";
		};
/* End PBXNativeTarget section */

/* Begin PBXProject section */
		2ADCE7522891E7E600E9B834 /* Project object */ = {
			isa = PBXProject;
			attributes = {
				BuildIndependentTargetsInParallel = 1;
				LastSwiftUpdateCheck = 1340;
				LastUpgradeCheck = 1340;
				TargetAttributes = {
					2ADCE7592891E7E600E9B834 = {
						CreatedOnToolsVersion = 13.4.1;
					};
				};
			};
			buildConfigurationList = 2ADCE7552891E7E600E9B834 /* Build configuration list for PBXProject "CS4540_Project" */;
			compatibilityVersion = "Xcode 13.0";
			developmentRegion = en;
			hasScannedForEncodings = 0;
			knownRegions = (
				en,
				Base,
			);
			mainGroup = 2ADCE7512891E7E600E9B834;
			productRefGroup = 2ADCE75B2891E7E600E9B834 /* Products */;
			projectDirPath = "";
			projectRoot = "";
			targets = (
				2ADCE7592891E7E600E9B834 /* CS4540_Project */,
			);
		};
/* End PBXProject section */

/* Begin PBXResourcesBuildPhase section */
		2ADCE7582891E7E600E9B834 /* Resources */ = {
			isa = PBXResourcesBuildPhase;
			buildActionMask = 2147483647;
			files = (
				2ADCE7652891E7E800E9B834 /* Preview Assets.xcassets in Resources */,
				2ADCE7712891EAA700E9B834 /* BookExchangeData.json in Resources */,
				2ADCE7622891E7E800E9B834 /* Assets.xcassets in Resources */,
			);
			runOnlyForDeploymentPostprocessing = 0;
		};
/* End PBXResourcesBuildPhase section */

/* Begin PBXSourcesBuildPhase section */
		2ADCE7562891E7E600E9B834 /* Sources */ = {
			isa = PBXSourcesBuildPhase;
			buildActionMask = 2147483647;
			files = (
				2A78B241289A72B200906561 /* CategoryRow.swift in Sources */,
				2A78B249289A76C200906561 /* Profile.swift in Sources */,
				2ADCE7702891EAA700E9B834 /* BookExchangeListItem.swift in Sources */,
				2A78B247289A75CC00906561 /* ProfileSummary.swift in Sources */,
				2ADCE7602891E7E600E9B834 /* ContentView.swift in Sources */,
				2ADCE7722891EAA700E9B834 /* BookExchangeRow.swift in Sources */,
				2A78B24B289A770100906561 /* ProfileEditor.swift in Sources */,
				2A78B243289A750500906561 /* CategoryHome.swift in Sources */,
				2A78B245289A758100906561 /* ProfileHost.swift in Sources */,
				2A78B23D289A41E600906561 /* FavoriteButton.swift in Sources */,
				2ADCE7782891F12B00E9B834 /* CircleImage.swift in Sources */,
				2A78B23B289A3F7200906561 /* BookExchangeDetail.swift in Sources */,
				2ADCE75E2891E7E600E9B834 /* CS4540_ProjectApp.swift in Sources */,
				2ADCE7742891EAA700E9B834 /* BookExchangeList.swift in Sources */,
				2A78B23F289A718100906561 /* CategoryItem.swift in Sources */,
				2ADCE7762891EC1600E9B834 /* ModelData.swift in Sources */,
			);
			runOnlyForDeploymentPostprocessing = 0;
		};
/* End PBXSourcesBuildPhase section */

/* Begin XCBuildConfiguration section */
		2ADCE7662891E7E800E9B834 /* Debug */ = {
			isa = XCBuildConfiguration;
			buildSettings = {
				ALWAYS_SEARCH_USER_PATHS = NO;
				CLANG_ANALYZER_NONNULL = YES;
				CLANG_ANALYZER_NUMBER_OBJECT_CONVERSION = YES_AGGRESSIVE;
				CLANG_CXX_LANGUAGE_STANDARD = "gnu++17";
				CLANG_ENABLE_MODULES = YES;
				CLANG_ENABLE_OBJC_ARC = YES;
				CLANG_ENABLE_OBJC_WEAK = YES;
				CLANG_WARN_BLOCK_CAPTURE_AUTORELEASING = YES;
				CLANG_WARN_BOOL_CONVERSION = YES;
				CLANG_WARN_COMMA = YES;
				CLANG_WARN_CONSTANT_CONVERSION = YES;
				CLANG_WARN_DEPRECATED_OBJC_IMPLEMENTATIONS = YES;
				CLANG_WARN_DIRECT_OBJC_ISA_USAGE = YES_ERROR;
				CLANG_WARN_DOCUMENTATION_COMMENTS = YES;
				CLANG_WARN_EMPTY_BODY = YES;
				CLANG_WARN_ENUM_CONVERSION = YES;
				CLANG_WARN_INFINITE_RECURSION = YES;
				CLANG_WARN_INT_CONVERSION = YES;
				CLANG_WARN_NON_LITERAL_NULL_CONVERSION = YES;
				CLANG_WARN_OBJC_IMPLICIT_RETAIN_SELF = YES;
				CLANG_WARN_OBJC_LITERAL_CONVERSION = YES;
				CLANG_WARN_OBJC_ROOT_CLASS = YES_ERROR;
				CLANG_WARN_QUOTED_INCLUDE_IN_FRAMEWORK_HEADER = YES;
				CLANG_WARN_RANGE_LOOP_ANALYSIS = YES;
				CLANG_WARN_STRICT_PROTOTYPES = YES;
				CLANG_WARN_SUSPICIOUS_MOVE = YES;
				CLANG_WARN_UNGUARDED_AVAILABILITY = YES_AGGRESSIVE;
				CLANG_WARN_UNREACHABLE_CODE = YES;
				CLANG_WARN__DUPLICATE_METHOD_MATCH = YES;
				COPY_PHASE_STRIP = NO;
				DEBUG_INFORMATION_FORMAT = dwarf;
				ENABLE_STRICT_OBJC_MSGSEND = YES;
				ENABLE_TESTABILITY = YES;
				GCC_C_LANGUAGE_STANDARD = gnu11;
				GCC_DYNAMIC_NO_PIC = NO;
				GCC_NO_COMMON_BLOCKS = YES;
				GCC_OPTIMIZATION_LEVEL = 0;
				GCC_PREPROCESSOR_DEFINITIONS = (
					"DEBUG=1",
					"$(inherited)",
				);
				GCC_WARN_64_TO_32_BIT_CONVERSION = YES;
				GCC_WARN_ABOUT_RETURN_TYPE = YES_ERROR;
				GCC_WARN_UNDECLARED_SELECTOR = YES;
				GCC_WARN_UNINITIALIZED_AUTOS = YES_AGGRESSIVE;
				GCC_WARN_UNUSED_FUNCTION = YES;
				GCC_WARN_UNUSED_VARIABLE = YES;
				IPHONEOS_DEPLOYMENT_TARGET = 15.5;
				MTL_ENABLE_DEBUG_INFO = INCLUDE_SOURCE;
				MTL_FAST_MATH = YES;
				ONLY_ACTIVE_ARCH = YES;
				SDKROOT = iphoneos;
				SWIFT_ACTIVE_COMPILATION_CONDITIONS = DEBUG;
				SWIFT_OPTIMIZATION_LEVEL = "-Onone";
			};
			name = Debug;
		};
		2ADCE7672891E7E800E9B834 /* Release */ = {
			isa = XCBuildConfiguration;
			buildSettings = {
				ALWAYS_SEARCH_USER_PATHS = NO;
				CLANG_ANALYZER_NONNULL = YES;
				CLANG_ANALYZER_NUMBER_OBJECT_CONVERSION = YES_AGGRESSIVE;
				CLANG_CXX_LANGUAGE_STANDARD = "gnu++17";
				CLANG_ENABLE_MODULES = YES;
				CLANG_ENABLE_OBJC_ARC = YES;
				CLANG_ENABLE_OBJC_WEAK = YES;
				CLANG_WARN_BLOCK_CAPTURE_AUTORELEASING = YES;
				CLANG_WARN_BOOL_CONVERSION = YES;
				CLANG_WARN_COMMA = YES;
				CLANG_WARN_CONSTANT_CONVERSION = YES;
				CLANG_WARN_DEPRECATED_OBJC_IMPLEMENTATIONS = YES;
				CLANG_WARN_DIRECT_OBJC_ISA_USAGE = YES_ERROR;
				CLANG_WARN_DOCUMENTATION_COMMENTS = YES;
				CLANG_WARN_EMPTY_BODY = YES;
				CLANG_WARN_ENUM_CONVERSION = YES;
				CLANG_WARN_INFINITE_RECURSION = YES;
				CLANG_WARN_INT_CONVERSION = YES;
				CLANG_WARN_NON_LITERAL_NULL_CONVERSION = YES;
				CLANG_WARN_OBJC_IMPLICIT_RETAIN_SELF = YES;
				CLANG_WARN_OBJC_LITERAL_CONVERSION = YES;
				CLANG_WARN_OBJC_ROOT_CLASS = YES_ERROR;
				CLANG_WARN_QUOTED_INCLUDE_IN_FRAMEWORK_HEADER = YES;
				CLANG_WARN_RANGE_LOOP_ANALYSIS = YES;
				CLANG_WARN_STRICT_PROTOTYPES = YES;
				CLANG_WARN_SUSPICIOUS_MOVE = YES;
				CLANG_WARN_UNGUARDED_AVAILABILITY = YES_AGGRESSIVE;
				CLANG_WARN_UNREACHABLE_CODE = YES;
				CLANG_WARN__DUPLICATE_METHOD_MATCH = YES;
				COPY_PHASE_STRIP = NO;
				DEBUG_INFORMATION_FORMAT = "dwarf-with-dsym";
				ENABLE_NS_ASSERTIONS = NO;
				ENABLE_STRICT_OBJC_MSGSEND = YES;
				GCC_C_LANGUAGE_STANDARD = gnu11;
				GCC_NO_COMMON_BLOCKS = YES;
				GCC_WARN_64_TO_32_BIT_CONVERSION = YES;
				GCC_WARN_ABOUT_RETURN_TYPE = YES_ERROR;
				GCC_WARN_UNDECLARED_SELECTOR = YES;
				GCC_WARN_UNINITIALIZED_AUTOS = YES_AGGRESSIVE;
				GCC_WARN_UNUSED_FUNCTION = YES;
				GCC_WARN_UNUSED_VARIABLE = YES;
				IPHONEOS_DEPLOYMENT_TARGET = 15.5;
				MTL_ENABLE_DEBUG_INFO = NO;
				MTL_FAST_MATH = YES;
				SDKROOT = iphoneos;
				SWIFT_COMPILATION_MODE = wholemodule;
				SWIFT_OPTIMIZATION_LEVEL = "-O";
				VALIDATE_PRODUCT = YES;
			};
			name = Release;
		};
		2ADCE7692891E7E800E9B834 /* Debug */ = {
			isa = XCBuildConfiguration;
			buildSettings = {
				ASSETCATALOG_COMPILER_APPICON_NAME = AppIcon;
				ASSETCATALOG_COMPILER_GLOBAL_ACCENT_COLOR_NAME = AccentColor;
				CODE_SIGN_STYLE = Automatic;
				CURRENT_PROJECT_VERSION = 1;
				DEVELOPMENT_ASSET_PATHS = "\"CS4540_Project/Preview Content\"";
				ENABLE_PREVIEWS = YES;
				GENERATE_INFOPLIST_FILE = YES;
				INFOPLIST_KEY_UIApplicationSceneManifest_Generation = YES;
				INFOPLIST_KEY_UIApplicationSupportsIndirectInputEvents = YES;
				INFOPLIST_KEY_UILaunchScreen_Generation = YES;
				INFOPLIST_KEY_UISupportedInterfaceOrientations_iPad = "UIInterfaceOrientationPortrait UIInterfaceOrientationPortraitUpsideDown UIInterfaceOrientationLandscapeLeft UIInterfaceOrientationLandscapeRight";
				INFOPLIST_KEY_UISupportedInterfaceOrientations_iPhone = "UIInterfaceOrientationPortrait UIInterfaceOrientationLandscapeLeft UIInterfaceOrientationLandscapeRight";
				LD_RUNPATH_SEARCH_PATHS = (
					"$(inherited)",
					"@executable_path/Frameworks",
				);
				MARKETING_VERSION = 1.0;
				PRODUCT_BUNDLE_IDENTIFIER = "MW.CS4540-Project";
				PRODUCT_NAME = "$(TARGET_NAME)";
				SWIFT_EMIT_LOC_STRINGS = YES;
				SWIFT_VERSION = 5.0;
				TARGETED_DEVICE_FAMILY = "1,2";
			};
			name = Debug;
		};
		2ADCE76A2891E7E800E9B834 /* Release */ = {
			isa = XCBuildConfiguration;
			buildSettings = {
				ASSETCATALOG_COMPILER_APPICON_NAME = AppIcon;
				ASSETCATALOG_COMPILER_GLOBAL_ACCENT_COLOR_NAME = AccentColor;
				CODE_SIGN_STYLE = Automatic;
				CURRENT_PROJECT_VERSION = 1;
				DEVELOPMENT_ASSET_PATHS = "\"CS4540_Project/Preview Content\"";
				ENABLE_PREVIEWS = YES;
				GENERATE_INFOPLIST_FILE = YES;
				INFOPLIST_KEY_UIApplicationSceneManifest_Generation = YES;
				INFOPLIST_KEY_UIApplicationSupportsIndirectInputEvents = YES;
				INFOPLIST_KEY_UILaunchScreen_Generation = YES;
				INFOPLIST_KEY_UISupportedInterfaceOrientations_iPad = "UIInterfaceOrientationPortrait UIInterfaceOrientationPortraitUpsideDown UIInterfaceOrientationLandscapeLeft UIInterfaceOrientationLandscapeRight";
				INFOPLIST_KEY_UISupportedInterfaceOrientations_iPhone = "UIInterfaceOrientationPortrait UIInterfaceOrientationLandscapeLeft UIInterfaceOrientationLandscapeRight";
				LD_RUNPATH_SEARCH_PATHS = (
					"$(inherited)",
					"@executable_path/Frameworks",
				);
				MARKETING_VERSION = 1.0;
				PRODUCT_BUNDLE_IDENTIFIER = "MW.CS4540-Project";
				PRODUCT_NAME = "$(TARGET_NAME)";
				SWIFT_EMIT_LOC_STRINGS = YES;
				SWIFT_VERSION = 5.0;
				TARGETED_DEVICE_FAMILY = "1,2";
			};
			name = Release;
		};
/* End XCBuildConfiguration section */

/* Begin XCConfigurationList section */
		2ADCE7552891E7E600E9B834 /* Build configuration list for PBXProject "CS4540_Project" */ = {
			isa = XCConfigurationList;
			buildConfigurations = (
				2ADCE7662891E7E800E9B834 /* Debug */,
				2ADCE7672891E7E800E9B834 /* Release */,
			);
			defaultConfigurationIsVisible = 0;
			defaultConfigurationName = Release;
		};
		2ADCE7682891E7E800E9B834 /* Build configuration list for PBXNativeTarget "CS4540_Project" */ = {
			isa = XCConfigurationList;
			buildConfigurations = (
				2ADCE7692891E7E800E9B834 /* Debug */,
				2ADCE76A2891E7E800E9B834 /* Release */,
			);
			defaultConfigurationIsVisible = 0;
			defaultConfigurationName = Release;
		};
/* End XCConfigurationList section */
	};
	rootObject = 2ADCE7522891E7E600E9B834 /* Project object */;
}
